
Microsoft Visual Studio Solution File, Format Version 12.00
# Visual Studio 2012
Project("{FAE04EC0-301F-11D3-BF4B-00C04F79EFBC}") = "AForge", "AForge\AForge.csproj", "{9FF35DCE-5581-459A-9508-1D3A5112C1CF}"
EndProject
Project("{2150E333-8FDC-42A3-9474-1A3956D46DE8}") = "Samples", "Samples", "{7F8BAEA3-FB6B-4677-9019-EEB9665016A1}"
EndProject
Project("{2150E333-8FDC-42A3-9474-1A3956D46DE8}") = "Back Propagation", "Back Propagation", "{DC8E413E-8655-462B-BB60-EB361B9BEA5D}"
EndProject
Project("{FAE04EC0-301F-11D3-BF4B-00C04F79EFBC}") = "Approximation", "Approximation\Approximation.csproj", "{E64AC563-8807-4857-921B-23C9ACF7DE6E}"
EndProject
Project("{FAE04EC0-301F-11D3-BF4B-00C04F79EFBC}") = "TimeSeries", "TimeSeries\TimeSeries.csproj", "{BFF6A3BE-DECA-464A-931C-69710CA6FA7F}"
EndProject
Project("{FAE04EC0-301F-11D3-BF4B-00C04F79EFBC}") = "XORProblem", "XORProblem\XORProblem.csproj", "{9B25E4CC-B408-414D-8B68-14BAC4D1166B}"
EndProject
Project("{2150E333-8FDC-42A3-9474-1A3956D46DE8}") = "Simple", "Simple", "{D0A32D1B-EBAD-4C03-9C6A-1D14490FA1EA}"
EndProject
Project("{FAE04EC0-301F-11D3-BF4B-00C04F79EFBC}") = "DeltaRuleLearning", "DeltaRuleLearning\DeltaRuleLearning.csproj", "{3A2229F2-6C46-42BA-B759-4BB66DD525C0}"
EndProject
Project("{FAE04EC0-301F-11D3-BF4B-00C04F79EFBC}") = "OneLayerPerceptron", "OneLayerPerceptron\OneLayerPerceptron.csproj", "{2543D6EC-0F3F-480F-A549-785D6C1F71E5}"
EndProject
Project("{FAE04EC0-301F-11D3-BF4B-00C04F79EFBC}") = "Perceptron", "Perceptron\Perceptron.csproj", "{25E1A6CC-41C1-4F2B-B7F4-6E8A901A9551}"
EndProject
Project("{2150E333-8FDC-42A3-9474-1A3956D46DE8}") = "SOM", "SOM", "{39E2CD1D-2840-41B6-B37E-F1C4C2DB125E}"
EndProject
Project("{FAE04EC0-301F-11D3-BF4B-00C04F79EFBC}") = "2DOrganizing", "2DOrganizing\2DOrganizing.csproj", "{A523C36D-8078-4E2B-817C-74A149B4B776}"
EndProject
Project("{FAE04EC0-301F-11D3-BF4B-00C04F79EFBC}") = "Color", "Color\Color.csproj", "{7DAEF331-57D9-49CC-864E-1DB2FAF6FCDC}"
EndProject
Project("{FAE04EC0-301F-11D3-BF4B-00C04F79EFBC}") = "TSP", "TSP\TSP.csproj", "{99712F10-6A37-4B26-BD9D-EE7ABCF955AF}"
EndProject
Global
	GlobalSection(SolutionConfigurationPlatforms) = preSolution
		Debug|Any CPU = Debug|Any CPU
		Release|Any CPU = Release|Any CPU
	EndGlobalSection
	GlobalSection(ProjectConfigurationPlatforms) = postSolution
		{9FF35DCE-5581-459A-9508-1D3A5112C1CF}.Debug|Any CPU.ActiveCfg = Debug|Any CPU
		{9FF35DCE-5581-459A-9508-1D3A5112C1CF}.Debug|Any CPU.Build.0 = Debug|Any CPU
		{9FF35DCE-5581-459A-9508-1D3A5112C1CF}.Release|Any CPU.ActiveCfg = Release|Any CPU
		{9FF35DCE-5581-459A-9508-1D3A5112C1CF}.Release|Any CPU.Build.0 = Release|Any CPU
		{E64AC563-8807-4857-921B-23C9ACF7DE6E}.Debug|Any CPU.ActiveCfg = Debug|Any CPU
		{E64AC563-8807-4857-921B-23C9ACF7DE6E}.Debug|Any CPU.Build.0 = Debug|Any CPU
		{E64AC563-8807-4857-921B-23C9ACF7DE6E}.Release|Any CPU.ActiveCfg = Release|Any CPU
		{E64AC563-8807-4857-921B-23C9ACF7DE6E}.Release|Any CPU.Build.0 = Release|Any CPU
		{BFF6A3BE-DECA-464A-931C-69710CA6FA7F}.Debug|Any CPU.ActiveCfg = Debug|Any CPU
		{BFF6A3BE-DECA-464A-931C-69710CA6FA7F}.Debug|Any CPU.Build.0 = Debug|Any CPU
		{BFF6A3BE-DECA-464A-931C-69710CA6FA7F}.Release|Any CPU.ActiveCfg = Release|Any CPU
		{BFF6A3BE-DECA-464A-931C-69710CA6FA7F}.Release|Any CPU.Build.0 = Release|Any CPU
		{9B25E4CC-B408-414D-8B68-14BAC4D1166B}.Debug|Any CPU.ActiveCfg = Debug|Any CPU
		{9B25E4CC-B408-414D-8B68-14BAC4D1166B}.Debug|Any CPU.Build.0 = Debug|Any CPU
		{9B25E4CC-B408-414D-8B68-14BAC4D1166B}.Release|Any CPU.ActiveCfg = Release|Any CPU
		{9B25E4CC-B408-414D-8B68-14BAC4D1166B}.Release|Any CPU.Build.0 = Release|Any CPU
		{3A2229F2-6C46-42BA-B759-4BB66DD525C0}.Debug|Any CPU.ActiveCfg = Debug|Any CPU
		{3A2229F2-6C46-42BA-B759-4BB66DD525C0}.Debug|Any CPU.Build.0 = Debug|Any CPU
		{3A2229F2-6C46-42BA-B759-4BB66DD525C0}.Release|Any CPU.ActiveCfg = Release|Any CPU
		{3A2229F2-6C46-42BA-B759-4BB66DD525C0}.Release|Any CPU.Build.0 = Release|Any CPU
		{2543D6EC-0F3F-480F-A549-785D6C1F71E5}.Debug|Any CPU.ActiveCfg = Debug|Any CPU
		{2543D6EC-0F3F-480F-A549-785D6C1F71E5}.Debug|Any CPU.Build.0 = Debug|Any CPU
		{2543D6EC-0F3F-480F-A549-785D6C1F71E5}.Release|Any CPU.ActiveCfg = Release|Any CPU
		{2543D6EC-0F3F-480F-A549-785D6C1F71E5}.Release|Any CPU.Build.0 = Release|Any CPU
		{25E1A6CC-41C1-4F2B-B7F4-6E8A901A9551}.Debug|Any CPU.ActiveCfg = Debug|Any CPU
		{25E1A6CC-41C1-4F2B-B7F4-6E8A901A9551}.Debug|Any CPU.Build.0 = Debug|Any CPU
		{25E1A6CC-41C1-4F2B-B7F4-6E8A901A9551}.Release|Any CPU.ActiveCfg = Release|Any CPU
		{25E1A6CC-41C1-4F2B-B7F4-6E8A901A9551}.Release|Any CPU.Build.0 = Release|Any CPU
		{A523C36D-8078-4E2B-817C-74A149B4B776}.Debug|Any CPU.ActiveCfg = Debug|Any CPU
		{A523C36D-8078-4E2B-817C-74A149B4B776}.Debug|Any CPU.Build.0 = Debug|Any CPU
		{A523C36D-8078-4E2B-817C-74A149B4B776}.Release|Any CPU.ActiveCfg = Release|Any CPU
		{A523C36D-8078-4E2B-817C-74A149B4B776}.Release|Any CPU.Build.0 = Release|Any CPU
		{7DAEF331-57D9-49CC-864E-1DB2FAF6FCDC}.Debug|Any CPU.ActiveCfg = Debug|Any CPU
		{7DAEF331-57D9-49CC-864E-1DB2FAF6FCDC}.Debug|Any CPU.Build.0 = Debug|Any CPU
		{7DAEF331-57D9-49CC-864E-1DB2FAF6FCDC}.Release|Any CPU.ActiveCfg = Release|Any CPU
		{7DAEF331-57D9-49CC-864E-1DB2FAF6FCDC}.Release|Any CPU.Build.0 = Release|Any CPU
		{99712F10-6A37-4B26-BD9D-EE7ABCF955AF}.Debug|Any CPU.ActiveCfg = Debug|Any CPU
		{99712F10-6A37-4B26-BD9D-EE7ABCF955AF}.Debug|Any CPU.Build.0 = Debug|Any CPU
		{99712F10-6A37-4B26-BD9D-EE7ABCF955AF}.Release|Any CPU.ActiveCfg = Release|Any CPU
		{99712F10-6A37-4B26-BD9D-EE7ABCF955AF}.Release|Any CPU.Build.0 = Release|Any CPU
	EndGlobalSection
	GlobalSection(SolutionProperties) = preSolution
		HideSolutionNode = FALSE
	EndGlobalSection
	GlobalSection(NestedProjects) = preSolution
		{DC8E413E-8655-462B-BB60-EB361B9BEA5D} = {7F8BAEA3-FB6B-4677-9019-EEB9665016A1}
		{D0A32D1B-EBAD-4C03-9C6A-1D14490FA1EA} = {7F8BAEA3-FB6B-4677-9019-EEB9665016A1}
		{39E2CD1D-2840-41B6-B37E-F1C4C2DB125E} = {7F8BAEA3-FB6B-4677-9019-EEB9665016A1}
		{E64AC563-8807-4857-921B-23C9ACF7DE6E} = {DC8E413E-8655-462B-BB60-EB361B9BEA5D}
		{BFF6A3BE-DECA-464A-931C-69710CA6FA7F} = {DC8E413E-8655-462B-BB60-EB361B9BEA5D}
		{9B25E4CC-B408-414D-8B68-14BAC4D1166B} = {DC8E413E-8655-462B-BB60-EB361B9BEA5D}
		{3A2229F2-6C46-42BA-B759-4BB66DD525C0} = {D0A32D1B-EBAD-4C03-9C6A-1D14490FA1EA}
		{2543D6EC-0F3F-480F-A549-785D6C1F71E5} = {D0A32D1B-EBAD-4C03-9C6A-1D14490FA1EA}
		{25E1A6CC-41C1-4F2B-B7F4-6E8A901A9551} = {D0A32D1B-EBAD-4C03-9C6A-1D14490FA1EA}
		{A523C36D-8078-4E2B-817C-74A149B4B776} = {39E2CD1D-2840-41B6-B37E-F1C4C2DB125E}
		{7DAEF331-57D9-49CC-864E-1DB2FAF6FCDC} = {39E2CD1D-2840-41B6-B37E-F1C4C2DB125E}
		{99712F10-6A37-4B26-BD9D-EE7ABCF955AF} = {39E2CD1D-2840-41B6-B37E-F1C4C2DB125E}
	EndGlobalSection
EndGlobal
